
Microsoft Visual Studio Solution File, Format Version 12.00
# Visual Studio Version 16
VisualStudioVersion = 16.0.30011.22
MinimumVisualStudioVersion = 10.0.40219.1
Project("{9A19103F-16F7-4668-BE54-9A1E7A4F7556}") = "register.Api", "register\register.Api.csproj", "{7CB1890C-AA2E-4C25-B184-E52FE1AD116B}"
EndProject
Project("{9A19103F-16F7-4668-BE54-9A1E7A4F7556}") = "register.domain", "..\register.domain\register.domain.csproj", "{04DC700F-F740-4F51-8023-3A9592584F51}"
EndProject
Project("{9A19103F-16F7-4668-BE54-9A1E7A4F7556}") = "register.infra.data", "..\register.infra.data\register.infra.data.csproj", "{DAE43D47-DBEC-4DF2-B2D3-C999E9C97DA3}"
EndProject
Project("{9A19103F-16F7-4668-BE54-9A1E7A4F7556}") = "register.app", "..\register.app\register.app.csproj", "{C4728678-6ACA-4EBA-AFF4-03FA24A83F14}"
EndProject
Project("{9A19103F-16F7-4668-BE54-9A1E7A4F7556}") = "registerTests", "..\tests\registerTests\registerTests.csproj", "{468E80F7-6B70-452E-A4E6-B5A9655E0E4A}"
EndProject
Global
	GlobalSection(SolutionConfigurationPlatforms) = preSolution
		Debug|Any CPU = Debug|Any CPU
		Release|Any CPU = Release|Any CPU
	EndGlobalSection
	GlobalSection(ProjectConfigurationPlatforms) = postSolution
		{7CB1890C-AA2E-4C25-B184-E52FE1AD116B}.Debug|Any CPU.ActiveCfg = Debug|Any CPU
		{7CB1890C-AA2E-4C25-B184-E52FE1AD116B}.Debug|Any CPU.Build.0 = Debug|Any CPU
		{7CB1890C-AA2E-4C25-B184-E52FE1AD116B}.Release|Any CPU.ActiveCfg = Release|Any CPU
		{7CB1890C-AA2E-4C25-B184-E52FE1AD116B}.Release|Any CPU.Build.0 = Release|Any CPU
		{04DC700F-F740-4F51-8023-3A9592584F51}.Debug|Any CPU.ActiveCfg = Debug|Any CPU
		{04DC700F-F740-4F51-8023-3A9592584F51}.Debug|Any CPU.Build.0 = Debug|Any CPU
		{04DC700F-F740-4F51-8023-3A9592584F51}.Release|Any CPU.ActiveCfg = Release|Any CPU
		{04DC700F-F740-4F51-8023-3A9592584F51}.Release|Any CPU.Build.0 = Release|Any CPU
		{DAE43D47-DBEC-4DF2-B2D3-C999E9C97DA3}.Debug|Any CPU.ActiveCfg = Debug|Any CPU
		{DAE43D47-DBEC-4DF2-B2D3-C999E9C97DA3}.Debug|Any CPU.Build.0 = Debug|Any CPU
		{DAE43D47-DBEC-4DF2-B2D3-C999E9C97DA3}.Release|Any CPU.ActiveCfg = Release|Any CPU
		{DAE43D47-DBEC-4DF2-B2D3-C999E9C97DA3}.Release|Any CPU.Build.0 = Release|Any CPU
		{C4728678-6ACA-4EBA-AFF4-03FA24A83F14}.Debug|Any CPU.ActiveCfg = Debug|Any CPU
		{C4728678-6ACA-4EBA-AFF4-03FA24A83F14}.Debug|Any CPU.Build.0 = Debug|Any CPU
		{C4728678-6ACA-4EBA-AFF4-03FA24A83F14}.Release|Any CPU.ActiveCfg = Release|Any CPU
		{C4728678-6ACA-4EBA-AFF4-03FA24A83F14}.Release|Any CPU.Build.0 = Release|Any CPU
		{468E80F7-6B70-452E-A4E6-B5A9655E0E4A}.Debug|Any CPU.ActiveCfg = Debug|Any CPU
		{468E80F7-6B70-452E-A4E6-B5A9655E0E4A}.Debug|Any CPU.Build.0 = Debug|Any CPU
		{468E80F7-6B70-452E-A4E6-B5A9655E0E4A}.Release|Any CPU.ActiveCfg = Release|Any CPU
		{468E80F7-6B70-452E-A4E6-B5A9655E0E4A}.Release|Any CPU.Build.0 = Release|Any CPU
	EndGlobalSection
	GlobalSection(SolutionProperties) = preSolution
		HideSolutionNode = FALSE
	EndGlobalSection
	GlobalSection(ExtensibilityGlobals) = postSolution
		SolutionGuid = {C1A10EEF-4498-4369-938D-714CC227665B}
	EndGlobalSection
EndGlobal
